
Microsoft Visual Studio Solution File, Format Version 12.00
# Visual Studio 14
VisualStudioVersion = 14.0.22823.1
MinimumVisualStudioVersion = 10.0.40219.1
Project("{FAE04EC0-301F-11D3-BF4B-00C04F79EFBC}") = "Akka.Persistence.MongoDb", "Akka.Persistence.MongoDb\Akka.Persistence.MongoDb.csproj", "{12E044EF-08A2-428B-AAF5-C3D328860C4E}"
EndProject
Project("{FAE04EC0-301F-11D3-BF4B-00C04F79EFBC}") = "Akka.Persistence.MongoDb.Tests", "Akka.Persistence.MongoDb.Tests\Akka.Persistence.MongoDb.Tests.csproj", "{32A2ACBE-8A3C-4093-8C13-D65B113B3327}"
EndProject
Project("{2150E333-8FDC-42A3-9474-1A3956D46DE8}") = "build", "build", "{86AAC379-3743-4D46-8B92-AE6A5ED80A44}"
	ProjectSection(SolutionItems) = preProject
		..\build.cmd = ..\build.cmd
		..\build.fsx = ..\build.fsx
		..\build.sh = ..\build.sh
	EndProjectSection
EndProject
Project("{2150E333-8FDC-42A3-9474-1A3956D46DE8}") = ".nuget", ".nuget", "{65DAEEC3-80C7-42C5-B0AC-DFC928846EF6}"
	ProjectSection(SolutionItems) = preProject
		.nuget\NuGet.Config = .nuget\NuGet.Config
		.nuget\NuGet.exe = .nuget\NuGet.exe
		.nuget\NuGet.targets = .nuget\NuGet.targets
	EndProjectSection
EndProject
Global
	GlobalSection(SolutionConfigurationPlatforms) = preSolution
		Debug|Any CPU = Debug|Any CPU
		Release|Any CPU = Release|Any CPU
	EndGlobalSection
	GlobalSection(ProjectConfigurationPlatforms) = postSolution
		{12E044EF-08A2-428B-AAF5-C3D328860C4E}.Debug|Any CPU.ActiveCfg = Debug|Any CPU
		{12E044EF-08A2-428B-AAF5-C3D328860C4E}.Debug|Any CPU.Build.0 = Debug|Any CPU
		{12E044EF-08A2-428B-AAF5-C3D328860C4E}.Release|Any CPU.ActiveCfg = Release|Any CPU
		{12E044EF-08A2-428B-AAF5-C3D328860C4E}.Release|Any CPU.Build.0 = Release|Any CPU
		{32A2ACBE-8A3C-4093-8C13-D65B113B3327}.Debug|Any CPU.ActiveCfg = Debug|Any CPU
		{32A2ACBE-8A3C-4093-8C13-D65B113B3327}.Debug|Any CPU.Build.0 = Debug|Any CPU
		{32A2ACBE-8A3C-4093-8C13-D65B113B3327}.Release|Any CPU.ActiveCfg = Release|Any CPU
		{32A2ACBE-8A3C-4093-8C13-D65B113B3327}.Release|Any CPU.Build.0 = Release|Any CPU
	EndGlobalSection
	GlobalSection(SolutionProperties) = preSolution
		HideSolutionNode = FALSE
	EndGlobalSection
EndGlobal
